
Microsoft Visual Studio Solution File, Format Version 12.00
# Visual Studio 15
Project("{FAE04EC0-301F-11D3-BF4B-00C04F79EFBC}") = "temp-converter", "temp-converter\temp-converter.csproj", "{A604BB64-070D-4896-AA39-661C3840D1EC}"
EndProject
Global
	GlobalSection(SolutionConfigurationPlatforms) = preSolution
		Debug|Any CPU = Debug|Any CPU
		Release|Any CPU = Release|Any CPU
	EndGlobalSection
	GlobalSection(ProjectConfigurationPlatforms) = postSolution
		{A604BB64-070D-4896-AA39-661C3840D1EC}.Debug|Any CPU.ActiveCfg = Debug|Any CPU
		{A604BB64-070D-4896-AA39-661C3840D1EC}.Debug|Any CPU.Build.0 = Debug|Any CPU
		{A604BB64-070D-4896-AA39-661C3840D1EC}.Release|Any CPU.ActiveCfg = Release|Any CPU
		{A604BB64-070D-4896-AA39-661C3840D1EC}.Release|Any CPU.Build.0 = Release|Any CPU
	EndGlobalSection
EndGlobal
